
Microsoft Visual Studio Solution File, Format Version 12.00
# Visual Studio Version 17
VisualStudioVersion = 17.0.31903.59
MinimumVisualStudioVersion = 10.0.40219.1
Project("{FAE04EC0-301F-11D3-BF4B-00C04F79EFBC}") = "Swin_Adventure", "Swin_Adventure\Swin_Adventure.csproj", "{15CAE385-BB93-4762-83AE-8C5B347A5DFF}"
EndProject
Project("{FAE04EC0-301F-11D3-BF4B-00C04F79EFBC}") = "TestProject1", "TestProject1\TestProject1.csproj", "{E5006823-1E5E-4433-A35A-ABACDC36234A}"
EndProject
Project("{FAE04EC0-301F-11D3-BF4B-00C04F79EFBC}") = "TestProject2", "TestProject2\TestProject2.csproj", "{0D54E21C-E931-4B61-9983-5B3FF2574273}"
EndProject
Global
	GlobalSection(SolutionConfigurationPlatforms) = preSolution
		Debug|Any CPU = Debug|Any CPU
		Debug|x64 = Debug|x64
		Debug|x86 = Debug|x86
		Release|Any CPU = Release|Any CPU
		Release|x64 = Release|x64
		Release|x86 = Release|x86
	EndGlobalSection
	GlobalSection(ProjectConfigurationPlatforms) = postSolution
		{15CAE385-BB93-4762-83AE-8C5B347A5DFF}.Debug|Any CPU.ActiveCfg = Debug|Any CPU
		{15CAE385-BB93-4762-83AE-8C5B347A5DFF}.Debug|Any CPU.Build.0 = Debug|Any CPU
		{15CAE385-BB93-4762-83AE-8C5B347A5DFF}.Debug|x64.ActiveCfg = Debug|Any CPU
		{15CAE385-BB93-4762-83AE-8C5B347A5DFF}.Debug|x64.Build.0 = Debug|Any CPU
		{15CAE385-BB93-4762-83AE-8C5B347A5DFF}.Debug|x86.ActiveCfg = Debug|Any CPU
		{15CAE385-BB93-4762-83AE-8C5B347A5DFF}.Debug|x86.Build.0 = Debug|Any CPU
		{15CAE385-BB93-4762-83AE-8C5B347A5DFF}.Release|Any CPU.ActiveCfg = Release|Any CPU
		{15CAE385-BB93-4762-83AE-8C5B347A5DFF}.Release|Any CPU.Build.0 = Release|Any CPU
		{15CAE385-BB93-4762-83AE-8C5B347A5DFF}.Release|x64.ActiveCfg = Release|Any CPU
		{15CAE385-BB93-4762-83AE-8C5B347A5DFF}.Release|x64.Build.0 = Release|Any CPU
		{15CAE385-BB93-4762-83AE-8C5B347A5DFF}.Release|x86.ActiveCfg = Release|Any CPU
		{15CAE385-BB93-4762-83AE-8C5B347A5DFF}.Release|x86.Build.0 = Release|Any CPU
		{E5006823-1E5E-4433-A35A-ABACDC36234A}.Debug|Any CPU.ActiveCfg = Debug|Any CPU
		{E5006823-1E5E-4433-A35A-ABACDC36234A}.Debug|Any CPU.Build.0 = Debug|Any CPU
		{E5006823-1E5E-4433-A35A-ABACDC36234A}.Debug|x64.ActiveCfg = Debug|Any CPU
		{E5006823-1E5E-4433-A35A-ABACDC36234A}.Debug|x64.Build.0 = Debug|Any CPU
		{E5006823-1E5E-4433-A35A-ABACDC36234A}.Debug|x86.ActiveCfg = Debug|Any CPU
		{E5006823-1E5E-4433-A35A-ABACDC36234A}.Debug|x86.Build.0 = Debug|Any CPU
		{E5006823-1E5E-4433-A35A-ABACDC36234A}.Release|Any CPU.ActiveCfg = Release|Any CPU
		{E5006823-1E5E-4433-A35A-ABACDC36234A}.Release|Any CPU.Build.0 = Release|Any CPU
		{E5006823-1E5E-4433-A35A-ABACDC36234A}.Release|x64.ActiveCfg = Release|Any CPU
		{E5006823-1E5E-4433-A35A-ABACDC36234A}.Release|x64.Build.0 = Release|Any CPU
		{E5006823-1E5E-4433-A35A-ABACDC36234A}.Release|x86.ActiveCfg = Release|Any CPU
		{E5006823-1E5E-4433-A35A-ABACDC36234A}.Release|x86.Build.0 = Release|Any CPU
		{0D54E21C-E931-4B61-9983-5B3FF2574273}.Debug|Any CPU.ActiveCfg = Debug|Any CPU
		{0D54E21C-E931-4B61-9983-5B3FF2574273}.Debug|Any CPU.Build.0 = Debug|Any CPU
		{0D54E21C-E931-4B61-9983-5B3FF2574273}.Debug|x64.ActiveCfg = Debug|Any CPU
		{0D54E21C-E931-4B61-9983-5B3FF2574273}.Debug|x64.Build.0 = Debug|Any CPU
		{0D54E21C-E931-4B61-9983-5B3FF2574273}.Debug|x86.ActiveCfg = Debug|Any CPU
		{0D54E21C-E931-4B61-9983-5B3FF2574273}.Debug|x86.Build.0 = Debug|Any CPU
		{0D54E21C-E931-4B61-9983-5B3FF2574273}.Release|Any CPU.ActiveCfg = Release|Any CPU
		{0D54E21C-E931-4B61-9983-5B3FF2574273}.Release|Any CPU.Build.0 = Release|Any CPU
		{0D54E21C-E931-4B61-9983-5B3FF2574273}.Release|x64.ActiveCfg = Release|Any CPU
		{0D54E21C-E931-4B61-9983-5B3FF2574273}.Release|x64.Build.0 = Release|Any CPU
		{0D54E21C-E931-4B61-9983-5B3FF2574273}.Release|x86.ActiveCfg = Release|Any CPU
		{0D54E21C-E931-4B61-9983-5B3FF2574273}.Release|x86.Build.0 = Release|Any CPU
	EndGlobalSection
	GlobalSection(SolutionProperties) = preSolution
		HideSolutionNode = FALSE
	EndGlobalSection
EndGlobal
