Microsoft Visual Studio Solution File, Format Version 12.00
# Visual Studio Version 17
VisualStudioVersion = 17.5.2.0
MinimumVisualStudioVersion = 10.0.40219.1
Project("{FAE04EC0-301F-11D3-BF4B-00C04F79EFBC}") = "PathTest", "PathTest.csproj", "{492DDC73-2DE9-E861-D93E-1A93BD686B9A}"
EndProject
Global
	GlobalSection(SolutionConfigurationPlatforms) = preSolution
		Debug|Any CPU = Debug|Any CPU
		Release|Any CPU = Release|Any CPU
	EndGlobalSection
	GlobalSection(ProjectConfigurationPlatforms) = postSolution
		{492DDC73-2DE9-E861-D93E-1A93BD686B9A}.Debug|Any CPU.ActiveCfg = Debug|Any CPU
		{492DDC73-2DE9-E861-D93E-1A93BD686B9A}.Debug|Any CPU.Build.0 = Debug|Any CPU
		{492DDC73-2DE9-E861-D93E-1A93BD686B9A}.Release|Any CPU.ActiveCfg = Release|Any CPU
		{492DDC73-2DE9-E861-D93E-1A93BD686B9A}.Release|Any CPU.Build.0 = Release|Any CPU
	EndGlobalSection
	GlobalSection(SolutionProperties) = preSolution
		HideSolutionNode = FALSE
	EndGlobalSection
	GlobalSection(ExtensibilityGlobals) = postSolution
		SolutionGuid = {5F50C0C3-FE81-457D-B6B5-28B069A538E6}
	EndGlobalSection
EndGlobal
