
Microsoft Visual Studio Solution File, Format Version 12.00
# Visual Studio Version 17
VisualStudioVersion = 17.5.002.0
MinimumVisualStudioVersion = 10.0.40219.1
Project("{9A19103F-16F7-4668-BE54-9A1E7A4F7556}") = "CounterTask", "CounterTask\CounterTask.csproj", "{2A2EB9FB-1568-4C27-B750-1D6872B453DD}"
EndProject
Global
	GlobalSection(SolutionConfigurationPlatforms) = preSolution
		Debug|Any CPU = Debug|Any CPU
		Release|Any CPU = Release|Any CPU
	EndGlobalSection
	GlobalSection(ProjectConfigurationPlatforms) = postSolution
		{2A2EB9FB-1568-4C27-B750-1D6872B453DD}.Debug|Any CPU.ActiveCfg = Debug|Any CPU
		{2A2EB9FB-1568-4C27-B750-1D6872B453DD}.Debug|Any CPU.Build.0 = Debug|Any CPU
		{2A2EB9FB-1568-4C27-B750-1D6872B453DD}.Release|Any CPU.ActiveCfg = Release|Any CPU
		{2A2EB9FB-1568-4C27-B750-1D6872B453DD}.Release|Any CPU.Build.0 = Release|Any CPU
	EndGlobalSection
	GlobalSection(SolutionProperties) = preSolution
		HideSolutionNode = FALSE
	EndGlobalSection
	GlobalSection(ExtensibilityGlobals) = postSolution
		SolutionGuid = {425488DF-6CC5-4A92-986B-F055E6999C22}
	EndGlobalSection
EndGlobal
