Microsoft Visual Studio Solution File, Format Version 12.00
# Visual Studio Version 17
VisualStudioVersion = 17.5.2.0
MinimumVisualStudioVersion = 10.0.40219.1
Project("{FAE04EC0-301F-11D3-BF4B-00C04F79EFBC}") = "InventoryTest", "InventoryTest.csproj", "{94CBDB41-8A37-31F1-46B1-62F78061BD3E}"
EndProject
Global
	GlobalSection(SolutionConfigurationPlatforms) = preSolution
		Debug|Any CPU = Debug|Any CPU
		Release|Any CPU = Release|Any CPU
	EndGlobalSection
	GlobalSection(ProjectConfigurationPlatforms) = postSolution
		{94CBDB41-8A37-31F1-46B1-62F78061BD3E}.Debug|Any CPU.ActiveCfg = Debug|Any CPU
		{94CBDB41-8A37-31F1-46B1-62F78061BD3E}.Debug|Any CPU.Build.0 = Debug|Any CPU
		{94CBDB41-8A37-31F1-46B1-62F78061BD3E}.Release|Any CPU.ActiveCfg = Release|Any CPU
		{94CBDB41-8A37-31F1-46B1-62F78061BD3E}.Release|Any CPU.Build.0 = Release|Any CPU
	EndGlobalSection
	GlobalSection(SolutionProperties) = preSolution
		HideSolutionNode = FALSE
	EndGlobalSection
	GlobalSection(ExtensibilityGlobals) = postSolution
		SolutionGuid = {80D74F82-14A5-4CEE-ADE6-834CE4F43F94}
	EndGlobalSection
EndGlobal
