Microsoft Visual Studio Solution File, Format Version 12.00
# Visual Studio Version 17
VisualStudioVersion = 17.5.2.0
MinimumVisualStudioVersion = 10.0.40219.1
Project("{FAE04EC0-301F-11D3-BF4B-00C04F79EFBC}") = "MoveCommandTest", "MoveCommandTest.csproj", "{073EE95C-52AF-FA71-8F33-901C41B8793D}"
EndProject
Global
	GlobalSection(SolutionConfigurationPlatforms) = preSolution
		Debug|Any CPU = Debug|Any CPU
		Release|Any CPU = Release|Any CPU
	EndGlobalSection
	GlobalSection(ProjectConfigurationPlatforms) = postSolution
		{073EE95C-52AF-FA71-8F33-901C41B8793D}.Debug|Any CPU.ActiveCfg = Debug|Any CPU
		{073EE95C-52AF-FA71-8F33-901C41B8793D}.Debug|Any CPU.Build.0 = Debug|Any CPU
		{073EE95C-52AF-FA71-8F33-901C41B8793D}.Release|Any CPU.ActiveCfg = Release|Any CPU
		{073EE95C-52AF-FA71-8F33-901C41B8793D}.Release|Any CPU.Build.0 = Release|Any CPU
	EndGlobalSection
	GlobalSection(SolutionProperties) = preSolution
		HideSolutionNode = FALSE
	EndGlobalSection
	GlobalSection(ExtensibilityGlobals) = postSolution
		SolutionGuid = {042FE80D-F310-4269-9ED1-1F834A5877F4}
	EndGlobalSection
EndGlobal
